// !$*UTF8*$!
{
	archiveVersion = 1;
	classes = {
	};
	objectVersion = 51;
	objects = {

/* Begin PBXBuildFile section */
		D9C0AFAB482DBCEF681BDCD4 /* Pods_Snapchat.framework in Frameworks */ = {isa = PBXBuildFile; fileRef = 4B9DB639A69AC45BAB5C5552 /* Pods_Snapchat.framework */; };
		E64FCE6A29185BD00083399B /* AppDelegate.swift in Sources */ = {isa = PBXBuildFile; fileRef = E64FCE6929185BD00083399B /* AppDelegate.swift */; };
		E64FCE6C29185BD00083399B /* SceneDelegate.swift in Sources */ = {isa = PBXBuildFile; fileRef = E64FCE6B29185BD00083399B /* SceneDelegate.swift */; };
		E64FCE6E29185BD00083399B /* iniciarSesionViewController.swift in Sources */ = {isa = PBXBuildFile; fileRef = E64FCE6D29185BD00083399B /* iniciarSesionViewController.swift */; };
		E64FCE7129185BD00083399B /* Main.storyboard in Resources */ = {isa = PBXBuildFile; fileRef = E64FCE6F29185BD00083399B /* Main.storyboard */; };
		E64FCE7329185BD20083399B /* Assets.xcassets in Resources */ = {isa = PBXBuildFile; fileRef = E64FCE7229185BD20083399B /* Assets.xcassets */; };
		E64FCE7629185BD20083399B /* LaunchScreen.storyboard in Resources */ = {isa = PBXBuildFile; fileRef = E64FCE7429185BD20083399B /* LaunchScreen.storyboard */; };
		E650D4F62922CFE7001A73F6 /* Snap.swift in Sources */ = {isa = PBXBuildFile; fileRef = E650D4F52922CFE7001A73F6 /* Snap.swift */; };
		E650D4F82922D7B8001A73F6 /* VerSnapViewController.swift in Sources */ = {isa = PBXBuildFile; fileRef = E650D4F72922D7B8001A73F6 /* VerSnapViewController.swift */; };
		E655DE2129199A2500869E72 /* ImagenViewController.swift in Sources */ = {isa = PBXBuildFile; fileRef = E655DE2029199A2500869E72 /* ImagenViewController.swift */; };
		E679C28C29214FCD00705F37 /* SnapsViewController.swift in Sources */ = {isa = PBXBuildFile; fileRef = E679C28B29214FCD00705F37 /* SnapsViewController.swift */; };
		E679C28E292177F000705F37 /* ElegirUsuarioViewController.swift in Sources */ = {isa = PBXBuildFile; fileRef = E679C28D292177F000705F37 /* ElegirUsuarioViewController.swift */; };
		E679C292292187CA00705F37 /* Usuario.swift in Sources */ = {isa = PBXBuildFile; fileRef = E679C291292187CA00705F37 /* Usuario.swift */; };
		E6A51647292045DD00DA2DAA /* GoogleService-Info.plist in Resources */ = {isa = PBXBuildFile; fileRef = E6A51646292045DD00DA2DAA /* GoogleService-Info.plist */; };
/* End PBXBuildFile section */

/* Begin PBXFileReference section */
		327C1E4D687B51A1A9F13D16 /* Pods-Snapchat.debug.xcconfig */ = {isa = PBXFileReference; includeInIndex = 1; lastKnownFileType = text.xcconfig; name = "Pods-Snapchat.debug.xcconfig"; path = "Target Support Files/Pods-Snapchat/Pods-Snapchat.debug.xcconfig"; sourceTree = "<group>"; };
		4B9DB639A69AC45BAB5C5552 /* Pods_Snapchat.framework */ = {isa = PBXFileReference; explicitFileType = wrapper.framework; includeInIndex = 0; path = Pods_Snapchat.framework; sourceTree = BUILT_PRODUCTS_DIR; };
		AD6396432AB751DB830DDA06 /* Pods-Snapchat.release.xcconfig */ = {isa = PBXFileReference; includeInIndex = 1; lastKnownFileType = text.xcconfig; name = "Pods-Snapchat.release.xcconfig"; path = "Target Support Files/Pods-Snapchat/Pods-Snapchat.release.xcconfig"; sourceTree = "<group>"; };
		E64FCE6629185BD00083399B /* Snapchat.app */ = {isa = PBXFileReference; explicitFileType = wrapper.application; includeInIndex = 0; path = Snapchat.app; sourceTree = BUILT_PRODUCTS_DIR; };
		E64FCE6929185BD00083399B /* AppDelegate.swift */ = {isa = PBXFileReference; lastKnownFileType = sourcecode.swift; path = AppDelegate.swift; sourceTree = "<group>"; };
		E64FCE6B29185BD00083399B /* SceneDelegate.swift */ = {isa = PBXFileReference; lastKnownFileType = sourcecode.swift; path = SceneDelegate.swift; sourceTree = "<group>"; };
		E64FCE6D29185BD00083399B /* iniciarSesionViewController.swift */ = {isa = PBXFileReference; lastKnownFileType = sourcecode.swift; path = iniciarSesionViewController.swift; sourceTree = "<group>"; };
		E64FCE7029185BD00083399B /* Base */ = {isa = PBXFileReference; lastKnownFileType = file.storyboard; name = Base; path = Base.lproj/Main.storyboard; sourceTree = "<group>"; };
		E64FCE7229185BD20083399B /* Assets.xcassets */ = {isa = PBXFileReference; lastKnownFileType = folder.assetcatalog; path = Assets.xcassets; sourceTree = "<group>"; };
		E64FCE7529185BD20083399B /* Base */ = {isa = PBXFileReference; lastKnownFileType = file.storyboard; name = Base; path = Base.lproj/LaunchScreen.storyboard; sourceTree = "<group>"; };
		E64FCE7729185BD20083399B /* Info.plist */ = {isa = PBXFileReference; lastKnownFileType = text.plist.xml; path = Info.plist; sourceTree = "<group>"; };
		E650D4F52922CFE7001A73F6 /* Snap.swift */ = {isa = PBXFileReference; lastKnownFileType = sourcecode.swift; path = Snap.swift; sourceTree = "<group>"; };
		E650D4F72922D7B8001A73F6 /* VerSnapViewController.swift */ = {isa = PBXFileReference; lastKnownFileType = sourcecode.swift; path = VerSnapViewController.swift; sourceTree = "<group>"; };
		E655DE1D2919902300869E72 /* Snapchat.entitlements */ = {isa = PBXFileReference; lastKnownFileType = text.plist.entitlements; path = Snapchat.entitlements; sourceTree = "<group>"; };
		E655DE2029199A2500869E72 /* ImagenViewController.swift */ = {isa = PBXFileReference; lastKnownFileType = sourcecode.swift; path = ImagenViewController.swift; sourceTree = "<group>"; };
		E679C28B29214FCD00705F37 /* SnapsViewController.swift */ = {isa = PBXFileReference; lastKnownFileType = sourcecode.swift; path = SnapsViewController.swift; sourceTree = "<group>"; };
		E679C28D292177F000705F37 /* ElegirUsuarioViewController.swift */ = {isa = PBXFileReference; lastKnownFileType = sourcecode.swift; path = ElegirUsuarioViewController.swift; sourceTree = "<group>"; };
		E679C291292187CA00705F37 /* Usuario.swift */ = {isa = PBXFileReference; lastKnownFileType = sourcecode.swift; path = Usuario.swift; sourceTree = "<group>"; };
		E6A51646292045DD00DA2DAA /* GoogleService-Info.plist */ = {isa = PBXFileReference; fileEncoding = 4; lastKnownFileType = text.plist.xml; path = "GoogleService-Info.plist"; sourceTree = "<group>"; };
/* End PBXFileReference section */

/* Begin PBXFrameworksBuildPhase section */
		E64FCE6329185BD00083399B /* Frameworks */ = {
			isa = PBXFrameworksBuildPhase;
			buildActionMask = 2147483647;
			files = (
				D9C0AFAB482DBCEF681BDCD4 /* Pods_Snapchat.framework in Frameworks */,
			);
			runOnlyForDeploymentPostprocessing = 0;
		};
/* End PBXFrameworksBuildPhase section */

/* Begin PBXGroup section */
		606B2B98544662B07D88B77C /* Frameworks */ = {
			isa = PBXGroup;
			children = (
				4B9DB639A69AC45BAB5C5552 /* Pods_Snapchat.framework */,
			);
			name = Frameworks;
			sourceTree = "<group>";
		};
		9C824398F190B92D2145193A /* Pods */ = {
			isa = PBXGroup;
			children = (
				327C1E4D687B51A1A9F13D16 /* Pods-Snapchat.debug.xcconfig */,
				AD6396432AB751DB830DDA06 /* Pods-Snapchat.release.xcconfig */,
			);
			path = Pods;
			sourceTree = "<group>";
		};
		E64FCE5D29185BD00083399B = {
			isa = PBXGroup;
			children = (
				E64FCE6829185BD00083399B /* Snapchat */,
				E64FCE6729185BD00083399B /* Products */,
				9C824398F190B92D2145193A /* Pods */,
				606B2B98544662B07D88B77C /* Frameworks */,
			);
			sourceTree = "<group>";
		};
		E64FCE6729185BD00083399B /* Products */ = {
			isa = PBXGroup;
			children = (
				E64FCE6629185BD00083399B /* Snapchat.app */,
			);
			name = Products;
			sourceTree = "<group>";
		};
		E64FCE6829185BD00083399B /* Snapchat */ = {
			isa = PBXGroup;
			children = (
				E679C2902921879500705F37 /* Modelos */,
				E679C28F2921873700705F37 /* ViewControllers */,
				E655DE1D2919902300869E72 /* Snapchat.entitlements */,
				E64FCE6929185BD00083399B /* AppDelegate.swift */,
				E64FCE6B29185BD00083399B /* SceneDelegate.swift */,
				E64FCE6F29185BD00083399B /* Main.storyboard */,
				E64FCE7229185BD20083399B /* Assets.xcassets */,
				E64FCE7429185BD20083399B /* LaunchScreen.storyboard */,
				E6A51646292045DD00DA2DAA /* GoogleService-Info.plist */,
				E64FCE7729185BD20083399B /* Info.plist */,
			);
			path = Snapchat;
			sourceTree = "<group>";
		};
		E679C28F2921873700705F37 /* ViewControllers */ = {
			isa = PBXGroup;
			children = (
				E679C28B29214FCD00705F37 /* SnapsViewController.swift */,
				E655DE2029199A2500869E72 /* ImagenViewController.swift */,
				E64FCE6D29185BD00083399B /* iniciarSesionViewController.swift */,
				E679C28D292177F000705F37 /* ElegirUsuarioViewController.swift */,
				E650D4F72922D7B8001A73F6 /* VerSnapViewController.swift */,
			);
			path = ViewControllers;
			sourceTree = "<group>";
		};
		E679C2902921879500705F37 /* Modelos */ = {
			isa = PBXGroup;
			children = (
				E679C291292187CA00705F37 /* Usuario.swift */,
				E650D4F52922CFE7001A73F6 /* Snap.swift */,
			);
			path = Modelos;
			sourceTree = "<group>";
		};
/* End PBXGroup section */

/* Begin PBXNativeTarget section */
		E64FCE6529185BD00083399B /* Snapchat */ = {
			isa = PBXNativeTarget;
			buildConfigurationList = E64FCE7A29185BD20083399B /* Build configuration list for PBXNativeTarget "Snapchat" */;
			buildPhases = (
				E32959FB5D04CFBD20F73148 /* [CP] Check Pods Manifest.lock */,
				E64FCE6229185BD00083399B /* Sources */,
				E64FCE6329185BD00083399B /* Frameworks */,
				E64FCE6429185BD00083399B /* Resources */,
				A7A37BDBB381333FE4CC50EF /* [CP] Embed Pods Frameworks */,
			);
			buildRules = (
			);
			dependencies = (
			);
			name = Snapchat;
			productName = Snapchat;
			productReference = E64FCE6629185BD00083399B /* Snapchat.app */;
			productType = "com.apple.product-type.application";
		};
/* End PBXNativeTarget section */

/* Begin PBXProject section */
		E64FCE5E29185BD00083399B /* Project object */ = {
			isa = PBXProject;
			attributes = {
				LastSwiftUpdateCheck = 1130;
				LastUpgradeCheck = 1130;
				ORGANIZATIONNAME = miempresa;
				TargetAttributes = {
					E64FCE6529185BD00083399B = {
						CreatedOnToolsVersion = 11.3.1;
					};
				};
			};
			buildConfigurationList = E64FCE6129185BD00083399B /* Build configuration list for PBXProject "Snapchat" */;
			compatibilityVersion = "Xcode 9.3";
			developmentRegion = en;
			hasScannedForEncodings = 0;
			knownRegions = (
				en,
				Base,
			);
			mainGroup = E64FCE5D29185BD00083399B;
			productRefGroup = E64FCE6729185BD00083399B /* Products */;
			projectDirPath = "";
			projectRoot = "";
			targets = (
				E64FCE6529185BD00083399B /* Snapchat */,
			);
		};
/* End PBXProject section */

/* Begin PBXResourcesBuildPhase section */
		E64FCE6429185BD00083399B /* Resources */ = {
			isa = PBXResourcesBuildPhase;
			buildActionMask = 2147483647;
			files = (
				E64FCE7629185BD20083399B /* LaunchScreen.storyboard in Resources */,
				E6A51647292045DD00DA2DAA /* GoogleService-Info.plist in Resources */,
				E64FCE7329185BD20083399B /* Assets.xcassets in Resources */,
				E64FCE7129185BD00083399B /* Main.storyboard in Resources */,
			);
			runOnlyForDeploymentPostprocessing = 0;
		};
/* End PBXResourcesBuildPhase section */

/* Begin PBXShellScriptBuildPhase section */
		A7A37BDBB381333FE4CC50EF /* [CP] Embed Pods Frameworks */ = {
			isa = PBXShellScriptBuildPhase;
			buildActionMask = 2147483647;
			files = (
			);
			inputFileListPaths = (
				"${PODS_ROOT}/Target Support Files/Pods-Snapchat/Pods-Snapchat-frameworks-${CONFIGURATION}-input-files.xcfilelist",
			);
			name = "[CP] Embed Pods Frameworks";
			outputFileListPaths = (
				"${PODS_ROOT}/Target Support Files/Pods-Snapchat/Pods-Snapchat-frameworks-${CONFIGURATION}-output-files.xcfilelist",
			);
			runOnlyForDeploymentPostprocessing = 0;
			shellPath = /bin/sh;
			shellScript = "\"${PODS_ROOT}/Target Support Files/Pods-Snapchat/Pods-Snapchat-frameworks.sh\"\n";
			showEnvVarsInLog = 0;
		};
		E32959FB5D04CFBD20F73148 /* [CP] Check Pods Manifest.lock */ = {
			isa = PBXShellScriptBuildPhase;
			buildActionMask = 2147483647;
			files = (
			);
			inputFileListPaths = (
			);
			inputPaths = (
				"${PODS_PODFILE_DIR_PATH}/Podfile.lock",
				"${PODS_ROOT}/Manifest.lock",
			);
			name = "[CP] Check Pods Manifest.lock";
			outputFileListPaths = (
			);
			outputPaths = (
				"$(DERIVED_FILE_DIR)/Pods-Snapchat-checkManifestLockResult.txt",
			);
			runOnlyForDeploymentPostprocessing = 0;
			shellPath = /bin/sh;
			shellScript = "diff \"${PODS_PODFILE_DIR_PATH}/Podfile.lock\" \"${PODS_ROOT}/Manifest.lock\" > /dev/null\nif [ $? != 0 ] ; then\n    # print error to STDERR\n    echo \"error: The sandbox is not in sync with the Podfile.lock. Run 'pod install' or update your CocoaPods installation.\" >&2\n    exit 1\nfi\n# This output is used by Xcode 'outputs' to avoid re-running this script phase.\necho \"SUCCESS\" > \"${SCRIPT_OUTPUT_FILE_0}\"\n";
			showEnvVarsInLog = 0;
		};
/* End PBXShellScriptBuildPhase section */

/* Begin PBXSourcesBuildPhase section */
		E64FCE6229185BD00083399B /* Sources */ = {
			isa = PBXSourcesBuildPhase;
			buildActionMask = 2147483647;
			files = (
				E679C28C29214FCD00705F37 /* SnapsViewController.swift in Sources */,
				E64FCE6E29185BD00083399B /* iniciarSesionViewController.swift in Sources */,
				E679C292292187CA00705F37 /* Usuario.swift in Sources */,
				E655DE2129199A2500869E72 /* ImagenViewController.swift in Sources */,
				E650D4F82922D7B8001A73F6 /* VerSnapViewController.swift in Sources */,
				E64FCE6A29185BD00083399B /* AppDelegate.swift in Sources */,
				E64FCE6C29185BD00083399B /* SceneDelegate.swift in Sources */,
				E679C28E292177F000705F37 /* ElegirUsuarioViewController.swift in Sources */,
				E650D4F62922CFE7001A73F6 /* Snap.swift in Sources */,
			);
			runOnlyForDeploymentPostprocessing = 0;
		};
/* End PBXSourcesBuildPhase section */

/* Begin PBXVariantGroup section */
		E64FCE6F29185BD00083399B /* Main.storyboard */ = {
			isa = PBXVariantGroup;
			children = (
				E64FCE7029185BD00083399B /* Base */,
			);
			name = Main.storyboard;
			sourceTree = "<group>";
		};
		E64FCE7429185BD20083399B /* LaunchScreen.storyboard */ = {
			isa = PBXVariantGroup;
			children = (
				E64FCE7529185BD20083399B /* Base */,
			);
			name = LaunchScreen.storyboard;
			sourceTree = "<group>";
		};
/* End PBXVariantGroup section */

/* Begin XCBuildConfiguration section */
		E64FCE7829185BD20083399B /* Debug */ = {
			isa = XCBuildConfiguration;
			buildSettings = {
				ALWAYS_SEARCH_USER_PATHS = NO;
				CLANG_ANALYZER_NONNULL = YES;
				CLANG_ANALYZER_NUMBER_OBJECT_CONVERSION = YES_AGGRESSIVE;
				CLANG_CXX_LANGUAGE_STANDARD = "gnu++14";
				CLANG_CXX_LIBRARY = "libc++";
				CLANG_ENABLE_MODULES = YES;
				CLANG_ENABLE_OBJC_ARC = YES;
				CLANG_ENABLE_OBJC_WEAK = YES;
				CLANG_WARN_BLOCK_CAPTURE_AUTORELEASING = YES;
				CLANG_WARN_BOOL_CONVERSION = YES;
				CLANG_WARN_COMMA = YES;
				CLANG_WARN_CONSTANT_CONVERSION = YES;
				CLANG_WARN_DEPRECATED_OBJC_IMPLEMENTATIONS = YES;
				CLANG_WARN_DIRECT_OBJC_ISA_USAGE = YES_ERROR;
				CLANG_WARN_DOCUMENTATION_COMMENTS = YES;
				CLANG_WARN_EMPTY_BODY = YES;
				CLANG_WARN_ENUM_CONVERSION = YES;
				CLANG_WARN_INFINITE_RECURSION = YES;
				CLANG_WARN_INT_CONVERSION = YES;
				CLANG_WARN_NON_LITERAL_NULL_CONVERSION = YES;
				CLANG_WARN_OBJC_IMPLICIT_RETAIN_SELF = YES;
				CLANG_WARN_OBJC_LITERAL_CONVERSION = YES;
				CLANG_WARN_OBJC_ROOT_CLASS = YES_ERROR;
				CLANG_WARN_RANGE_LOOP_ANALYSIS = YES;
				CLANG_WARN_STRICT_PROTOTYPES = YES;
				CLANG_WARN_SUSPICIOUS_MOVE = YES;
				CLANG_WARN_UNGUARDED_AVAILABILITY = YES_AGGRESSIVE;
				CLANG_WARN_UNREACHABLE_CODE = YES;
				CLANG_WARN__DUPLICATE_METHOD_MATCH = YES;
				COPY_PHASE_STRIP = NO;
				DEBUG_INFORMATION_FORMAT = dwarf;
				ENABLE_STRICT_OBJC_MSGSEND = YES;
				ENABLE_TESTABILITY = YES;
				GCC_C_LANGUAGE_STANDARD = gnu11;
				GCC_DYNAMIC_NO_PIC = NO;
				GCC_NO_COMMON_BLOCKS = YES;
				GCC_OPTIMIZATION_LEVEL = 0;
				GCC_PREPROCESSOR_DEFINITIONS = (
					"DEBUG=1",
					"$(inherited)",
				);
				GCC_WARN_64_TO_32_BIT_CONVERSION = YES;
				GCC_WARN_ABOUT_RETURN_TYPE = YES_ERROR;
				GCC_WARN_UNDECLARED_SELECTOR = YES;
				GCC_WARN_UNINITIALIZED_AUTOS = YES_AGGRESSIVE;
				GCC_WARN_UNUSED_FUNCTION = YES;
				GCC_WARN_UNUSED_VARIABLE = YES;
				IPHONEOS_DEPLOYMENT_TARGET = 13.2;
				MTL_ENABLE_DEBUG_INFO = INCLUDE_SOURCE;
				MTL_FAST_MATH = YES;
				ONLY_ACTIVE_ARCH = YES;
				SDKROOT = iphoneos;
				SWIFT_ACTIVE_COMPILATION_CONDITIONS = DEBUG;
				SWIFT_OPTIMIZATION_LEVEL = "-Onone";
			};
			name = Debug;
		};
		E64FCE7929185BD20083399B /* Release */ = {
			isa = XCBuildConfiguration;
			buildSettings = {
				ALWAYS_SEARCH_USER_PATHS = NO;
				CLANG_ANALYZER_NONNULL = YES;
				CLANG_ANALYZER_NUMBER_OBJECT_CONVERSION = YES_AGGRESSIVE;
				CLANG_CXX_LANGUAGE_STANDARD = "gnu++14";
				CLANG_CXX_LIBRARY = "libc++";
				CLANG_ENABLE_MODULES = YES;
				CLANG_ENABLE_OBJC_ARC = YES;
				CLANG_ENABLE_OBJC_WEAK = YES;
				CLANG_WARN_BLOCK_CAPTURE_AUTORELEASING = YES;
				CLANG_WARN_BOOL_CONVERSION = YES;
				CLANG_WARN_COMMA = YES;
				CLANG_WARN_CONSTANT_CONVERSION = YES;
				CLANG_WARN_DEPRECATED_OBJC_IMPLEMENTATIONS = YES;
				CLANG_WARN_DIRECT_OBJC_ISA_USAGE = YES_ERROR;
				CLANG_WARN_DOCUMENTATION_COMMENTS = YES;
				CLANG_WARN_EMPTY_BODY = YES;
				CLANG_WARN_ENUM_CONVERSION = YES;
				CLANG_WARN_INFINITE_RECURSION = YES;
				CLANG_WARN_INT_CONVERSION = YES;
				CLANG_WARN_NON_LITERAL_NULL_CONVERSION = YES;
				CLANG_WARN_OBJC_IMPLICIT_RETAIN_SELF = YES;
				CLANG_WARN_OBJC_LITERAL_CONVERSION = YES;
				CLANG_WARN_OBJC_ROOT_CLASS = YES_ERROR;
				CLANG_WARN_RANGE_LOOP_ANALYSIS = YES;
				CLANG_WARN_STRICT_PROTOTYPES = YES;
				CLANG_WARN_SUSPICIOUS_MOVE = YES;
				CLANG_WARN_UNGUARDED_AVAILABILITY = YES_AGGRESSIVE;
				CLANG_WARN_UNREACHABLE_CODE = YES;
				CLANG_WARN__DUPLICATE_METHOD_MATCH = YES;
				COPY_PHASE_STRIP = NO;
				DEBUG_INFORMATION_FORMAT = "dwarf-with-dsym";
				ENABLE_NS_ASSERTIONS = NO;
				ENABLE_STRICT_OBJC_MSGSEND = YES;
				GCC_C_LANGUAGE_STANDARD = gnu11;
				GCC_NO_COMMON_BLOCKS = YES;
				GCC_WARN_64_TO_32_BIT_CONVERSION = YES;
				GCC_WARN_ABOUT_RETURN_TYPE = YES_ERROR;
				GCC_WARN_UNDECLARED_SELECTOR = YES;
				GCC_WARN_UNINITIALIZED_AUTOS = YES_AGGRESSIVE;
				GCC_WARN_UNUSED_FUNCTION = YES;
				GCC_WARN_UNUSED_VARIABLE = YES;
				IPHONEOS_DEPLOYMENT_TARGET = 13.2;
				MTL_ENABLE_DEBUG_INFO = NO;
				MTL_FAST_MATH = YES;
				SDKROOT = iphoneos;
				SWIFT_COMPILATION_MODE = wholemodule;
				SWIFT_OPTIMIZATION_LEVEL = "-O";
				VALIDATE_PRODUCT = YES;
			};
			name = Release;
		};
		E64FCE7B29185BD20083399B /* Debug */ = {
			isa = XCBuildConfiguration;
			baseConfigurationReference = 327C1E4D687B51A1A9F13D16 /* Pods-Snapchat.debug.xcconfig */;
			buildSettings = {
				ASSETCATALOG_COMPILER_APPICON_NAME = AppIcon;
				CODE_SIGN_ENTITLEMENTS = Snapchat/Snapchat.entitlements;
				CODE_SIGN_STYLE = Automatic;
				INFOPLIST_FILE = Snapchat/Info.plist;
				LD_RUNPATH_SEARCH_PATHS = (
					"$(inherited)",
					"@executable_path/Frameworks",
				);
				PRODUCT_BUNDLE_IDENTIFIER = com.miempresa.Snapchat;
				PRODUCT_NAME = "$(TARGET_NAME)";
				SWIFT_VERSION = 5.0;
				TARGETED_DEVICE_FAMILY = "1,2";
			};
			name = Debug;
		};
		E64FCE7C29185BD20083399B /* Release */ = {
			isa = XCBuildConfiguration;
			baseConfigurationReference = AD6396432AB751DB830DDA06 /* Pods-Snapchat.release.xcconfig */;
			buildSettings = {
				ASSETCATALOG_COMPILER_APPICON_NAME = AppIcon;
				CODE_SIGN_ENTITLEMENTS = Snapchat/Snapchat.entitlements;
				CODE_SIGN_STYLE = Automatic;
				INFOPLIST_FILE = Snapchat/Info.plist;
				LD_RUNPATH_SEARCH_PATHS = (
					"$(inherited)",
					"@executable_path/Frameworks",
				);
				PRODUCT_BUNDLE_IDENTIFIER = com.miempresa.Snapchat;
				PRODUCT_NAME = "$(TARGET_NAME)";
				SWIFT_VERSION = 5.0;
				TARGETED_DEVICE_FAMILY = "1,2";
			};
			name = Release;
		};
/* End XCBuildConfiguration section */

/* Begin XCConfigurationList section */
		E64FCE6129185BD00083399B /* Build configuration list for PBXProject "Snapchat" */ = {
			isa = XCConfigurationList;
			buildConfigurations = (
				E64FCE7829185BD20083399B /* Debug */,
				E64FCE7929185BD20083399B /* Release */,
			);
			defaultConfigurationIsVisible = 0;
			defaultConfigurationName = Release;
		};
		E64FCE7A29185BD20083399B /* Build configuration list for PBXNativeTarget "Snapchat" */ = {
			isa = XCConfigurationList;
			buildConfigurations = (
				E64FCE7B29185BD20083399B /* Debug */,
				E64FCE7C29185BD20083399B /* Release */,
			);
			defaultConfigurationIsVisible = 0;
			defaultConfigurationName = Release;
		};
/* End XCConfigurationList section */
	};
	rootObject = E64FCE5E29185BD00083399B /* Project object */;
}
